
Microsoft Visual Studio Solution File, Format Version 12.00
# Visual Studio Version 16
VisualStudioVersion = 16.0.30413.136
MinimumVisualStudioVersion = 10.0.40219.1
Project("{FAE04EC0-301F-11D3-BF4B-00C04F79EFBC}") = "Memory", "Memory\Memory.csproj", "{3DE22697-6CCA-4EBC-8454-A9DF823E626B}"
EndProject
Global
	GlobalSection(SolutionConfigurationPlatforms) = preSolution
		Debug|Any CPU = Debug|Any CPU
		Release|Any CPU = Release|Any CPU
	EndGlobalSection
	GlobalSection(ProjectConfigurationPlatforms) = postSolution
		{3DE22697-6CCA-4EBC-8454-A9DF823E626B}.Debug|Any CPU.ActiveCfg = Debug|Any CPU
		{3DE22697-6CCA-4EBC-8454-A9DF823E626B}.Debug|Any CPU.Build.0 = Debug|Any CPU
		{3DE22697-6CCA-4EBC-8454-A9DF823E626B}.Release|Any CPU.ActiveCfg = Release|Any CPU
		{3DE22697-6CCA-4EBC-8454-A9DF823E626B}.Release|Any CPU.Build.0 = Release|Any CPU
	EndGlobalSection
	GlobalSection(SolutionProperties) = preSolution
		HideSolutionNode = FALSE
	EndGlobalSection
	GlobalSection(ExtensibilityGlobals) = postSolution
		SolutionGuid = {3BD1AF20-C472-4990-B24E-1B613DB6D9B4}
	EndGlobalSection
EndGlobal
